// !$*UTF8*$!
{
	archiveVersion = 1;
	classes = {
	};
	objectVersion = 55;
	objects = {

/* Begin PBXBuildFile section */
		D00C10EA28BCF5D200EC2C6D /* AppDelegate.swift in Sources */ = {isa = PBXBuildFile; fileRef = D00C10E928BCF5D200EC2C6D /* AppDelegate.swift */; };
		D00C10EC28BCF5D200EC2C6D /* SceneDelegate.swift in Sources */ = {isa = PBXBuildFile; fileRef = D00C10EB28BCF5D200EC2C6D /* SceneDelegate.swift */; };
		D00C10EE28BCF5D200EC2C6D /* ViewController.swift in Sources */ = {isa = PBXBuildFile; fileRef = D00C10ED28BCF5D200EC2C6D /* ViewController.swift */; };
		D00C10F128BCF5D200EC2C6D /* Main.storyboard in Resources */ = {isa = PBXBuildFile; fileRef = D00C10EF28BCF5D200EC2C6D /* Main.storyboard */; };
		D00C10F428BCF5D200EC2C6D /* Memomo.xcdatamodeld in Sources */ = {isa = PBXBuildFile; fileRef = D00C10F228BCF5D200EC2C6D /* Memomo.xcdatamodeld */; };
		D00C10F628BCF5D400EC2C6D /* Assets.xcassets in Resources */ = {isa = PBXBuildFile; fileRef = D00C10F528BCF5D400EC2C6D /* Assets.xcassets */; };
		D00C10F928BCF5D400EC2C6D /* LaunchScreen.storyboard in Resources */ = {isa = PBXBuildFile; fileRef = D00C10F728BCF5D400EC2C6D /* LaunchScreen.storyboard */; };
		D00C110428BCF5D400EC2C6D /* MemomoTests.swift in Sources */ = {isa = PBXBuildFile; fileRef = D00C110328BCF5D400EC2C6D /* MemomoTests.swift */; };
		D00C110E28BCF5D400EC2C6D /* MemomoUITests.swift in Sources */ = {isa = PBXBuildFile; fileRef = D00C110D28BCF5D400EC2C6D /* MemomoUITests.swift */; };
		D00C111028BCF5D400EC2C6D /* MemomoUITestsLaunchTests.swift in Sources */ = {isa = PBXBuildFile; fileRef = D00C110F28BCF5D400EC2C6D /* MemomoUITestsLaunchTests.swift */; };
/* End PBXBuildFile section */

/* Begin PBXContainerItemProxy section */
		D00C110028BCF5D400EC2C6D /* PBXContainerItemProxy */ = {
			isa = PBXContainerItemProxy;
			containerPortal = D00C10DE28BCF5D200EC2C6D /* Project object */;
			proxyType = 1;
			remoteGlobalIDString = D00C10E528BCF5D200EC2C6D;
			remoteInfo = Memomo;
		};
		D00C110A28BCF5D400EC2C6D /* PBXContainerItemProxy */ = {
			isa = PBXContainerItemProxy;
			containerPortal = D00C10DE28BCF5D200EC2C6D /* Project object */;
			proxyType = 1;
			remoteGlobalIDString = D00C10E528BCF5D200EC2C6D;
			remoteInfo = Memomo;
		};
/* End PBXContainerItemProxy section */

/* Begin PBXFileReference section */
		D00C10E628BCF5D200EC2C6D /* Memomo.app */ = {isa = PBXFileReference; explicitFileType = wrapper.application; includeInIndex = 0; path = Memomo.app; sourceTree = BUILT_PRODUCTS_DIR; };
		D00C10E928BCF5D200EC2C6D /* AppDelegate.swift */ = {isa = PBXFileReference; lastKnownFileType = sourcecode.swift; path = AppDelegate.swift; sourceTree = "<group>"; };
		D00C10EB28BCF5D200EC2C6D /* SceneDelegate.swift */ = {isa = PBXFileReference; lastKnownFileType = sourcecode.swift; path = SceneDelegate.swift; sourceTree = "<group>"; };
		D00C10ED28BCF5D200EC2C6D /* ViewController.swift */ = {isa = PBXFileReference; lastKnownFileType = sourcecode.swift; path = ViewController.swift; sourceTree = "<group>"; };
		D00C10F028BCF5D200EC2C6D /* Base */ = {isa = PBXFileReference; lastKnownFileType = file.storyboard; name = Base; path = Base.lproj/Main.storyboard; sourceTree = "<group>"; };
		D00C10F328BCF5D200EC2C6D /* Memomo.xcdatamodel */ = {isa = PBXFileReference; lastKnownFileType = wrapper.xcdatamodel; path = Memomo.xcdatamodel; sourceTree = "<group>"; };
		D00C10F528BCF5D400EC2C6D /* Assets.xcassets */ = {isa = PBXFileReference; lastKnownFileType = folder.assetcatalog; path = Assets.xcassets; sourceTree = "<group>"; };
		D00C10F828BCF5D400EC2C6D /* Base */ = {isa = PBXFileReference; lastKnownFileType = file.storyboard; name = Base; path = Base.lproj/LaunchScreen.storyboard; sourceTree = "<group>"; };
		D00C10FA28BCF5D400EC2C6D /* Info.plist */ = {isa = PBXFileReference; lastKnownFileType = text.plist.xml; path = Info.plist; sourceTree = "<group>"; };
		D00C10FF28BCF5D400EC2C6D /* MemomoTests.xctest */ = {isa = PBXFileReference; explicitFileType = wrapper.cfbundle; includeInIndex = 0; path = MemomoTests.xctest; sourceTree = BUILT_PRODUCTS_DIR; };
		D00C110328BCF5D400EC2C6D /* MemomoTests.swift */ = {isa = PBXFileReference; lastKnownFileType = sourcecode.swift; path = MemomoTests.swift; sourceTree = "<group>"; };
		D00C110928BCF5D400EC2C6D /* MemomoUITests.xctest */ = {isa = PBXFileReference; explicitFileType = wrapper.cfbundle; includeInIndex = 0; path = MemomoUITests.xctest; sourceTree = BUILT_PRODUCTS_DIR; };
		D00C110D28BCF5D400EC2C6D /* MemomoUITests.swift */ = {isa = PBXFileReference; lastKnownFileType = sourcecode.swift; path = MemomoUITests.swift; sourceTree = "<group>"; };
		D00C110F28BCF5D400EC2C6D /* MemomoUITestsLaunchTests.swift */ = {isa = PBXFileReference; lastKnownFileType = sourcecode.swift; path = MemomoUITestsLaunchTests.swift; sourceTree = "<group>"; };
/* End PBXFileReference section */

/* Begin PBXFrameworksBuildPhase section */
		D00C10E328BCF5D200EC2C6D /* Frameworks */ = {
			isa = PBXFrameworksBuildPhase;
			buildActionMask = 2147483647;
			files = (
			);
			runOnlyForDeploymentPostprocessing = 0;
		};
		D00C10FC28BCF5D400EC2C6D /* Frameworks */ = {
			isa = PBXFrameworksBuildPhase;
			buildActionMask = 2147483647;
			files = (
			);
			runOnlyForDeploymentPostprocessing = 0;
		};
		D00C110628BCF5D400EC2C6D /* Frameworks */ = {
			isa = PBXFrameworksBuildPhase;
			buildActionMask = 2147483647;
			files = (
			);
			runOnlyForDeploymentPostprocessing = 0;
		};
/* End PBXFrameworksBuildPhase section */

/* Begin PBXGroup section */
		D00C10DD28BCF5D200EC2C6D = {
			isa = PBXGroup;
			children = (
				D00C10E828BCF5D200EC2C6D /* Memomo */,
				D00C110228BCF5D400EC2C6D /* MemomoTests */,
				D00C110C28BCF5D400EC2C6D /* MemomoUITests */,
				D00C10E728BCF5D200EC2C6D /* Products */,
			);
			sourceTree = "<group>";
		};
		D00C10E728BCF5D200EC2C6D /* Products */ = {
			isa = PBXGroup;
			children = (
				D00C10E628BCF5D200EC2C6D /* Memomo.app */,
				D00C10FF28BCF5D400EC2C6D /* MemomoTests.xctest */,
				D00C110928BCF5D400EC2C6D /* MemomoUITests.xctest */,
			);
			name = Products;
			sourceTree = "<group>";
		};
		D00C10E828BCF5D200EC2C6D /* Memomo */ = {
			isa = PBXGroup;
			children = (
				D00C10E928BCF5D200EC2C6D /* AppDelegate.swift */,
				D00C10EB28BCF5D200EC2C6D /* SceneDelegate.swift */,
				D00C10ED28BCF5D200EC2C6D /* ViewController.swift */,
				D00C10EF28BCF5D200EC2C6D /* Main.storyboard */,
				D00C10F528BCF5D400EC2C6D /* Assets.xcassets */,
				D00C10F728BCF5D400EC2C6D /* LaunchScreen.storyboard */,
				D00C10FA28BCF5D400EC2C6D /* Info.plist */,
				D00C10F228BCF5D200EC2C6D /* Memomo.xcdatamodeld */,
			);
			path = Memomo;
			sourceTree = "<group>";
		};
		D00C110228BCF5D400EC2C6D /* MemomoTests */ = {
			isa = PBXGroup;
			children = (
				D00C110328BCF5D400EC2C6D /* MemomoTests.swift */,
			);
			path = MemomoTests;
			sourceTree = "<group>";
		};
		D00C110C28BCF5D400EC2C6D /* MemomoUITests */ = {
			isa = PBXGroup;
			children = (
				D00C110D28BCF5D400EC2C6D /* MemomoUITests.swift */,
				D00C110F28BCF5D400EC2C6D /* MemomoUITestsLaunchTests.swift */,
			);
			path = MemomoUITests;
			sourceTree = "<group>";
		};
/* End PBXGroup section */

/* Begin PBXNativeTarget section */
		D00C10E528BCF5D200EC2C6D /* Memomo */ = {
			isa = PBXNativeTarget;
			buildConfigurationList = D00C111328BCF5D400EC2C6D /* Build configuration list for PBXNativeTarget "Memomo" */;
			buildPhases = (
				D00C10E228BCF5D200EC2C6D /* Sources */,
				D00C10E328BCF5D200EC2C6D /* Frameworks */,
				D00C10E428BCF5D200EC2C6D /* Resources */,
			);
			buildRules = (
			);
			dependencies = (
			);
			name = Memomo;
			productName = Memomo;
			productReference = D00C10E628BCF5D200EC2C6D /* Memomo.app */;
			productType = "com.apple.product-type.application";
		};
		D00C10FE28BCF5D400EC2C6D /* MemomoTests */ = {
			isa = PBXNativeTarget;
			buildConfigurationList = D00C111628BCF5D400EC2C6D /* Build configuration list for PBXNativeTarget "MemomoTests" */;
			buildPhases = (
				D00C10FB28BCF5D400EC2C6D /* Sources */,
				D00C10FC28BCF5D400EC2C6D /* Frameworks */,
				D00C10FD28BCF5D400EC2C6D /* Resources */,
			);
			buildRules = (
			);
			dependencies = (
				D00C110128BCF5D400EC2C6D /* PBXTargetDependency */,
			);
			name = MemomoTests;
			productName = MemomoTests;
			productReference = D00C10FF28BCF5D400EC2C6D /* MemomoTests.xctest */;
			productType = "com.apple.product-type.bundle.unit-test";
		};
		D00C110828BCF5D400EC2C6D /* MemomoUITests */ = {
			isa = PBXNativeTarget;
			buildConfigurationList = D00C111928BCF5D400EC2C6D /* Build configuration list for PBXNativeTarget "MemomoUITests" */;
			buildPhases = (
				D00C110528BCF5D400EC2C6D /* Sources */,
				D00C110628BCF5D400EC2C6D /* Frameworks */,
				D00C110728BCF5D400EC2C6D /* Resources */,
			);
			buildRules = (
			);
			dependencies = (
				D00C110B28BCF5D400EC2C6D /* PBXTargetDependency */,
			);
			name = MemomoUITests;
			productName = MemomoUITests;
			productReference = D00C110928BCF5D400EC2C6D /* MemomoUITests.xctest */;
			productType = "com.apple.product-type.bundle.ui-testing";
		};
/* End PBXNativeTarget section */

/* Begin PBXProject section */
		D00C10DE28BCF5D200EC2C6D /* Project object */ = {
			isa = PBXProject;
			attributes = {
				BuildIndependentTargetsInParallel = 1;
				LastSwiftUpdateCheck = 1340;
				LastUpgradeCheck = 1340;
				TargetAttributes = {
					D00C10E528BCF5D200EC2C6D = {
						CreatedOnToolsVersion = 13.4.1;
					};
					D00C10FE28BCF5D400EC2C6D = {
						CreatedOnToolsVersion = 13.4.1;
						TestTargetID = D00C10E528BCF5D200EC2C6D;
					};
					D00C110828BCF5D400EC2C6D = {
						CreatedOnToolsVersion = 13.4.1;
						TestTargetID = D00C10E528BCF5D200EC2C6D;
					};
				};
			};
			buildConfigurationList = D00C10E128BCF5D200EC2C6D /* Build configuration list for PBXProject "Memomo" */;
			compatibilityVersion = "Xcode 13.0";
			developmentRegion = en;
			hasScannedForEncodings = 0;
			knownRegions = (
				en,
				Base,
			);
			mainGroup = D00C10DD28BCF5D200EC2C6D;
			productRefGroup = D00C10E728BCF5D200EC2C6D /* Products */;
			projectDirPath = "";
			projectRoot = "";
			targets = (
				D00C10E528BCF5D200EC2C6D /* Memomo */,
				D00C10FE28BCF5D400EC2C6D /* MemomoTests */,
				D00C110828BCF5D400EC2C6D /* MemomoUITests */,
			);
		};
/* End PBXProject section */

/* Begin PBXResourcesBuildPhase section */
		D00C10E428BCF5D200EC2C6D /* Resources */ = {
			isa = PBXResourcesBuildPhase;
			buildActionMask = 2147483647;
			files = (
				D00C10F928BCF5D400EC2C6D /* LaunchScreen.storyboard in Resources */,
				D00C10F628BCF5D400EC2C6D /* Assets.xcassets in Resources */,
				D00C10F128BCF5D200EC2C6D /* Main.storyboard in Resources */,
			);
			runOnlyForDeploymentPostprocessing = 0;
		};
		D00C10FD28BCF5D400EC2C6D /* Resources */ = {
			isa = PBXResourcesBuildPhase;
			buildActionMask = 2147483647;
			files = (
			);
			runOnlyForDeploymentPostprocessing = 0;
		};
		D00C110728BCF5D400EC2C6D /* Resources */ = {
			isa = PBXResourcesBuildPhase;
			buildActionMask = 2147483647;
			files = (
			);
			runOnlyForDeploymentPostprocessing = 0;
		};
/* End PBXResourcesBuildPhase section */

/* Begin PBXSourcesBuildPhase section */
		D00C10E228BCF5D200EC2C6D /* Sources */ = {
			isa = PBXSourcesBuildPhase;
			buildActionMask = 2147483647;
			files = (
				D00C10EE28BCF5D200EC2C6D /* ViewController.swift in Sources */,
				D00C10F428BCF5D200EC2C6D /* Memomo.xcdatamodeld in Sources */,
				D00C10EA28BCF5D200EC2C6D /* AppDelegate.swift in Sources */,
				D00C10EC28BCF5D200EC2C6D /* SceneDelegate.swift in Sources */,
			);
			runOnlyForDeploymentPostprocessing = 0;
		};
		D00C10FB28BCF5D400EC2C6D /* Sources */ = {
			isa = PBXSourcesBuildPhase;
			buildActionMask = 2147483647;
			files = (
				D00C110428BCF5D400EC2C6D /* MemomoTests.swift in Sources */,
			);
			runOnlyForDeploymentPostprocessing = 0;
		};
		D00C110528BCF5D400EC2C6D /* Sources */ = {
			isa = PBXSourcesBuildPhase;
			buildActionMask = 2147483647;
			files = (
				D00C111028BCF5D400EC2C6D /* MemomoUITestsLaunchTests.swift in Sources */,
				D00C110E28BCF5D400EC2C6D /* MemomoUITests.swift in Sources */,
			);
			runOnlyForDeploymentPostprocessing = 0;
		};
/* End PBXSourcesBuildPhase section */

/* Begin PBXTargetDependency section */
		D00C110128BCF5D400EC2C6D /* PBXTargetDependency */ = {
			isa = PBXTargetDependency;
			target = D00C10E528BCF5D200EC2C6D /* Memomo */;
			targetProxy = D00C110028BCF5D400EC2C6D /* PBXContainerItemProxy */;
		};
		D00C110B28BCF5D400EC2C6D /* PBXTargetDependency */ = {
			isa = PBXTargetDependency;
			target = D00C10E528BCF5D200EC2C6D /* Memomo */;
			targetProxy = D00C110A28BCF5D400EC2C6D /* PBXContainerItemProxy */;
		};
/* End PBXTargetDependency section */

/* Begin PBXVariantGroup section */
		D00C10EF28BCF5D200EC2C6D /* Main.storyboard */ = {
			isa = PBXVariantGroup;
			children = (
				D00C10F028BCF5D200EC2C6D /* Base */,
			);
			name = Main.storyboard;
			sourceTree = "<group>";
		};
		D00C10F728BCF5D400EC2C6D /* LaunchScreen.storyboard */ = {
			isa = PBXVariantGroup;
			children = (
				D00C10F828BCF5D400EC2C6D /* Base */,
			);
			name = LaunchScreen.storyboard;
			sourceTree = "<group>";
		};
/* End PBXVariantGroup section */

/* Begin XCBuildConfiguration section */
		D00C111128BCF5D400EC2C6D /* Debug */ = {
			isa = XCBuildConfiguration;
			buildSettings = {
				ALWAYS_SEARCH_USER_PATHS = NO;
				CLANG_ANALYZER_NONNULL = YES;
				CLANG_ANALYZER_NUMBER_OBJECT_CONVERSION = YES_AGGRESSIVE;
				CLANG_CXX_LANGUAGE_STANDARD = "gnu++17";
				CLANG_ENABLE_MODULES = YES;
				CLANG_ENABLE_OBJC_ARC = YES;
				CLANG_ENABLE_OBJC_WEAK = YES;
				CLANG_WARN_BLOCK_CAPTURE_AUTORELEASING = YES;
				CLANG_WARN_BOOL_CONVERSION = YES;
				CLANG_WARN_COMMA = YES;
				CLANG_WARN_CONSTANT_CONVERSION = YES;
				CLANG_WARN_DEPRECATED_OBJC_IMPLEMENTATIONS = YES;
				CLANG_WARN_DIRECT_OBJC_ISA_USAGE = YES_ERROR;
				CLANG_WARN_DOCUMENTATION_COMMENTS = YES;
				CLANG_WARN_EMPTY_BODY = YES;
				CLANG_WARN_ENUM_CONVERSION = YES;
				CLANG_WARN_INFINITE_RECURSION = YES;
				CLANG_WARN_INT_CONVERSION = YES;
				CLANG_WARN_NON_LITERAL_NULL_CONVERSION = YES;
				CLANG_WARN_OBJC_IMPLICIT_RETAIN_SELF = YES;
				CLANG_WARN_OBJC_LITERAL_CONVERSION = YES;
				CLANG_WARN_OBJC_ROOT_CLASS = YES_ERROR;
				CLANG_WARN_QUOTED_INCLUDE_IN_FRAMEWORK_HEADER = YES;
				CLANG_WARN_RANGE_LOOP_ANALYSIS = YES;
				CLANG_WARN_STRICT_PROTOTYPES = YES;
				CLANG_WARN_SUSPICIOUS_MOVE = YES;
				CLANG_WARN_UNGUARDED_AVAILABILITY = YES_AGGRESSIVE;
				CLANG_WARN_UNREACHABLE_CODE = YES;
				CLANG_WARN__DUPLICATE_METHOD_MATCH = YES;
				COPY_PHASE_STRIP = NO;
				DEBUG_INFORMATION_FORMAT = dwarf;
				ENABLE_STRICT_OBJC_MSGSEND = YES;
				ENABLE_TESTABILITY = YES;
				GCC_C_LANGUAGE_STANDARD = gnu11;
				GCC_DYNAMIC_NO_PIC = NO;
				GCC_NO_COMMON_BLOCKS = YES;
				GCC_OPTIMIZATION_LEVEL = 0;
				GCC_PREPROCESSOR_DEFINITIONS = (
					"DEBUG=1",
					"$(inherited)",
				);
				GCC_WARN_64_TO_32_BIT_CONVERSION = YES;
				GCC_WARN_ABOUT_RETURN_TYPE = YES_ERROR;
				GCC_WARN_UNDECLARED_SELECTOR = YES;
				GCC_WARN_UNINITIALIZED_AUTOS = YES_AGGRESSIVE;
				GCC_WARN_UNUSED_FUNCTION = YES;
				GCC_WARN_UNUSED_VARIABLE = YES;
				IPHONEOS_DEPLOYMENT_TARGET = 15.5;
				MTL_ENABLE_DEBUG_INFO = INCLUDE_SOURCE;
				MTL_FAST_MATH = YES;
				ONLY_ACTIVE_ARCH = YES;
				SDKROOT = iphoneos;
				SWIFT_ACTIVE_COMPILATION_CONDITIONS = DEBUG;
				SWIFT_OPTIMIZATION_LEVEL = "-Onone";
			};
			name = Debug;
		};
		D00C111228BCF5D400EC2C6D /* Release */ = {
			isa = XCBuildConfiguration;
			buildSettings = {
				ALWAYS_SEARCH_USER_PATHS = NO;
				CLANG_ANALYZER_NONNULL = YES;
				CLANG_ANALYZER_NUMBER_OBJECT_CONVERSION = YES_AGGRESSIVE;
				CLANG_CXX_LANGUAGE_STANDARD = "gnu++17";
				CLANG_ENABLE_MODULES = YES;
				CLANG_ENABLE_OBJC_ARC = YES;
				CLANG_ENABLE_OBJC_WEAK = YES;
				CLANG_WARN_BLOCK_CAPTURE_AUTORELEASING = YES;
				CLANG_WARN_BOOL_CONVERSION = YES;
				CLANG_WARN_COMMA = YES;
				CLANG_WARN_CONSTANT_CONVERSION = YES;
				CLANG_WARN_DEPRECATED_OBJC_IMPLEMENTATIONS = YES;
				CLANG_WARN_DIRECT_OBJC_ISA_USAGE = YES_ERROR;
				CLANG_WARN_DOCUMENTATION_COMMENTS = YES;
				CLANG_WARN_EMPTY_BODY = YES;
				CLANG_WARN_ENUM_CONVERSION = YES;
				CLANG_WARN_INFINITE_RECURSION = YES;
				CLANG_WARN_INT_CONVERSION = YES;
				CLANG_WARN_NON_LITERAL_NULL_CONVERSION = YES;
				CLANG_WARN_OBJC_IMPLICIT_RETAIN_SELF = YES;
				CLANG_WARN_OBJC_LITERAL_CONVERSION = YES;
				CLANG_WARN_OBJC_ROOT_CLASS = YES_ERROR;
				CLANG_WARN_QUOTED_INCLUDE_IN_FRAMEWORK_HEADER = YES;
				CLANG_WARN_RANGE_LOOP_ANALYSIS = YES;
				CLANG_WARN_STRICT_PROTOTYPES = YES;
				CLANG_WARN_SUSPICIOUS_MOVE = YES;
				CLANG_WARN_UNGUARDED_AVAILABILITY = YES_AGGRESSIVE;
				CLANG_WARN_UNREACHABLE_CODE = YES;
				CLANG_WARN__DUPLICATE_METHOD_MATCH = YES;
				COPY_PHASE_STRIP = NO;
				DEBUG_INFORMATION_FORMAT = "dwarf-with-dsym";
				ENABLE_NS_ASSERTIONS = NO;
				ENABLE_STRICT_OBJC_MSGSEND = YES;
				GCC_C_LANGUAGE_STANDARD = gnu11;
				GCC_NO_COMMON_BLOCKS = YES;
				GCC_WARN_64_TO_32_BIT_CONVERSION = YES;
				GCC_WARN_ABOUT_RETURN_TYPE = YES_ERROR;
				GCC_WARN_UNDECLARED_SELECTOR = YES;
				GCC_WARN_UNINITIALIZED_AUTOS = YES_AGGRESSIVE;
				GCC_WARN_UNUSED_FUNCTION = YES;
				GCC_WARN_UNUSED_VARIABLE = YES;
				IPHONEOS_DEPLOYMENT_TARGET = 15.5;
				MTL_ENABLE_DEBUG_INFO = NO;
				MTL_FAST_MATH = YES;
				SDKROOT = iphoneos;
				SWIFT_COMPILATION_MODE = wholemodule;
				SWIFT_OPTIMIZATION_LEVEL = "-O";
				VALIDATE_PRODUCT = YES;
			};
			name = Release;
		};
		D00C111428BCF5D400EC2C6D /* Debug */ = {
			isa = XCBuildConfiguration;
			buildSettings = {
				ASSETCATALOG_COMPILER_APPICON_NAME = AppIcon;
				ASSETCATALOG_COMPILER_GLOBAL_ACCENT_COLOR_NAME = AccentColor;
				CODE_SIGN_STYLE = Automatic;
				CURRENT_PROJECT_VERSION = 1;
				DEVELOPMENT_TEAM = FHST2C78H4;
				GENERATE_INFOPLIST_FILE = YES;
				INFOPLIST_FILE = Memomo/Info.plist;
				INFOPLIST_KEY_UIApplicationSupportsIndirectInputEvents = YES;
				INFOPLIST_KEY_UILaunchStoryboardName = LaunchScreen;
				INFOPLIST_KEY_UIMainStoryboardFile = Main;
				INFOPLIST_KEY_UISupportedInterfaceOrientations_iPad = "UIInterfaceOrientationPortrait UIInterfaceOrientationPortraitUpsideDown UIInterfaceOrientationLandscapeLeft UIInterfaceOrientationLandscapeRight";
				INFOPLIST_KEY_UISupportedInterfaceOrientations_iPhone = "UIInterfaceOrientationPortrait UIInterfaceOrientationLandscapeLeft UIInterfaceOrientationLandscapeRight";
				LD_RUNPATH_SEARCH_PATHS = (
					"$(inherited)",
					"@executable_path/Frameworks",
				);
				MARKETING_VERSION = 1.0;
				PRODUCT_BUNDLE_IDENTIFIER = MSG.Memomo;
				PRODUCT_NAME = "$(TARGET_NAME)";
				SWIFT_EMIT_LOC_STRINGS = YES;
				SWIFT_VERSION = 5.0;
				TARGETED_DEVICE_FAMILY = "1,2";
			};
			name = Debug;
		};
		D00C111528BCF5D400EC2C6D /* Release */ = {
			isa = XCBuildConfiguration;
			buildSettings = {
				ASSETCATALOG_COMPILER_APPICON_NAME = AppIcon;
				ASSETCATALOG_COMPILER_GLOBAL_ACCENT_COLOR_NAME = AccentColor;
				CODE_SIGN_STYLE = Automatic;
				CURRENT_PROJECT_VERSION = 1;
				DEVELOPMENT_TEAM = FHST2C78H4;
				GENERATE_INFOPLIST_FILE = YES;
				INFOPLIST_FILE = Memomo/Info.plist;
				INFOPLIST_KEY_UIApplicationSupportsIndirectInputEvents = YES;
				INFOPLIST_KEY_UILaunchStoryboardName = LaunchScreen;
				INFOPLIST_KEY_UIMainStoryboardFile = Main;
				INFOPLIST_KEY_UISupportedInterfaceOrientations_iPad = "UIInterfaceOrientationPortrait UIInterfaceOrientationPortraitUpsideDown UIInterfaceOrientationLandscapeLeft UIInterfaceOrientationLandscapeRight";
				INFOPLIST_KEY_UISupportedInterfaceOrientations_iPhone = "UIInterfaceOrientationPortrait UIInterfaceOrientationLandscapeLeft UIInterfaceOrientationLandscapeRight";
				LD_RUNPATH_SEARCH_PATHS = (
					"$(inherited)",
					"@executable_path/Frameworks",
				);
				MARKETING_VERSION = 1.0;
				PRODUCT_BUNDLE_IDENTIFIER = MSG.Memomo;
				PRODUCT_NAME = "$(TARGET_NAME)";
				SWIFT_EMIT_LOC_STRINGS = YES;
				SWIFT_VERSION = 5.0;
				TARGETED_DEVICE_FAMILY = "1,2";
			};
			name = Release;
		};
		D00C111728BCF5D400EC2C6D /* Debug */ = {
			isa = XCBuildConfiguration;
			buildSettings = {
				ALWAYS_EMBED_SWIFT_STANDARD_LIBRARIES = YES;
				BUNDLE_LOADER = "$(TEST_HOST)";
				CODE_SIGN_STYLE = Automatic;
				CURRENT_PROJECT_VERSION = 1;
				DEVELOPMENT_TEAM = FHST2C78H4;
				GENERATE_INFOPLIST_FILE = YES;
				IPHONEOS_DEPLOYMENT_TARGET = 15.5;
				MARKETING_VERSION = 1.0;
				PRODUCT_BUNDLE_IDENTIFIER = MSG.MemomoTests;
				PRODUCT_NAME = "$(TARGET_NAME)";
				SWIFT_EMIT_LOC_STRINGS = NO;
				SWIFT_VERSION = 5.0;
				TARGETED_DEVICE_FAMILY = "1,2";
				TEST_HOST = "$(BUILT_PRODUCTS_DIR)/Memomo.app/Memomo";
			};
			name = Debug;
		};
		D00C111828BCF5D400EC2C6D /* Release */ = {
			isa = XCBuildConfiguration;
			buildSettings = {
				ALWAYS_EMBED_SWIFT_STANDARD_LIBRARIES = YES;
				BUNDLE_LOADER = "$(TEST_HOST)";
				CODE_SIGN_STYLE = Automatic;
				CURRENT_PROJECT_VERSION = 1;
				DEVELOPMENT_TEAM = FHST2C78H4;
				GENERATE_INFOPLIST_FILE = YES;
				IPHONEOS_DEPLOYMENT_TARGET = 15.5;
				MARKETING_VERSION = 1.0;
				PRODUCT_BUNDLE_IDENTIFIER = MSG.MemomoTests;
				PRODUCT_NAME = "$(TARGET_NAME)";
				SWIFT_EMIT_LOC_STRINGS = NO;
				SWIFT_VERSION = 5.0;
				TARGETED_DEVICE_FAMILY = "1,2";
				TEST_HOST = "$(BUILT_PRODUCTS_DIR)/Memomo.app/Memomo";
			};
			name = Release;
		};
		D00C111A28BCF5D400EC2C6D /* Debug */ = {
			isa = XCBuildConfiguration;
			buildSettings = {
				ALWAYS_EMBED_SWIFT_STANDARD_LIBRARIES = YES;
				CODE_SIGN_STYLE = Automatic;
				CURRENT_PROJECT_VERSION = 1;
				DEVELOPMENT_TEAM = FHST2C78H4;
				GENERATE_INFOPLIST_FILE = YES;
				MARKETING_VERSION = 1.0;
				PRODUCT_BUNDLE_IDENTIFIER = MSG.MemomoUITests;
				PRODUCT_NAME = "$(TARGET_NAME)";
				SWIFT_EMIT_LOC_STRINGS = NO;
				SWIFT_VERSION = 5.0;
				TARGETED_DEVICE_FAMILY = "1,2";
				TEST_TARGET_NAME = Memomo;
			};
			name = Debug;
		};
		D00C111B28BCF5D400EC2C6D /* Release */ = {
			isa = XCBuildConfiguration;
			buildSettings = {
				ALWAYS_EMBED_SWIFT_STANDARD_LIBRARIES = YES;
				CODE_SIGN_STYLE = Automatic;
				CURRENT_PROJECT_VERSION = 1;
				DEVELOPMENT_TEAM = FHST2C78H4;
				GENERATE_INFOPLIST_FILE = YES;
				MARKETING_VERSION = 1.0;
				PRODUCT_BUNDLE_IDENTIFIER = MSG.MemomoUITests;
				PRODUCT_NAME = "$(TARGET_NAME)";
				SWIFT_EMIT_LOC_STRINGS = NO;
				SWIFT_VERSION = 5.0;
				TARGETED_DEVICE_FAMILY = "1,2";
				TEST_TARGET_NAME = Memomo;
			};
			name = Release;
		};
/* End XCBuildConfiguration section */

/* Begin XCConfigurationList section */
		D00C10E128BCF5D200EC2C6D /* Build configuration list for PBXProject "Memomo" */ = {
			isa = XCConfigurationList;
			buildConfigurations = (
				D00C111128BCF5D400EC2C6D /* Debug */,
				D00C111228BCF5D400EC2C6D /* Release */,
			);
			defaultConfigurationIsVisible = 0;
			defaultConfigurationName = Release;
		};
		D00C111328BCF5D400EC2C6D /* Build configuration list for PBXNativeTarget "Memomo" */ = {
			isa = XCConfigurationList;
			buildConfigurations = (
				D00C111428BCF5D400EC2C6D /* Debug */,
				D00C111528BCF5D400EC2C6D /* Release */,
			);
			defaultConfigurationIsVisible = 0;
			defaultConfigurationName = Release;
		};
		D00C111628BCF5D400EC2C6D /* Build configuration list for PBXNativeTarget "MemomoTests" */ = {
			isa = XCConfigurationList;
			buildConfigurations = (
				D00C111728BCF5D400EC2C6D /* Debug */,
				D00C111828BCF5D400EC2C6D /* Release */,
			);
			defaultConfigurationIsVisible = 0;
			defaultConfigurationName = Release;
		};
		D00C111928BCF5D400EC2C6D /* Build configuration list for PBXNativeTarget "MemomoUITests" */ = {
			isa = XCConfigurationList;
			buildConfigurations = (
				D00C111A28BCF5D400EC2C6D /* Debug */,
				D00C111B28BCF5D400EC2C6D /* Release */,
			);
			defaultConfigurationIsVisible = 0;
			defaultConfigurationName = Release;
		};
/* End XCConfigurationList section */

/* Begin XCVersionGroup section */
		D00C10F228BCF5D200EC2C6D /* Memomo.xcdatamodeld */ = {
			isa = XCVersionGroup;
			children = (
				D00C10F328BCF5D200EC2C6D /* Memomo.xcdatamodel */,
			);
			currentVersion = D00C10F328BCF5D200EC2C6D /* Memomo.xcdatamodel */;
			path = Memomo.xcdatamodeld;
			sourceTree = "<group>";
			versionGroupType = wrapper.xcdatamodel;
		};
/* End XCVersionGroup section */
	};
	rootObject = D00C10DE28BCF5D200EC2C6D /* Project object */;
}
